
Microsoft Visual Studio Solution File, Format Version 12.00
# Visual Studio Version 17
VisualStudioVersion = 17.8.34408.163
MinimumVisualStudioVersion = 10.0.40219.1
Project("{FAE04EC0-301F-11D3-BF4B-00C04F79EFBC}") = "HogWildWebApp", "HogWildWebApp\HogWildWebApp.csproj", "{F7AA1ECD-0E47-411E-BF23-C9710A709037}"
EndProject
Global
	GlobalSection(SolutionConfigurationPlatforms) = preSolution
		Debug|Any CPU = Debug|Any CPU
		Release|Any CPU = Release|Any CPU
	EndGlobalSection
	GlobalSection(ProjectConfigurationPlatforms) = postSolution
		{F7AA1ECD-0E47-411E-BF23-C9710A709037}.Debug|Any CPU.ActiveCfg = Debug|Any CPU
		{F7AA1ECD-0E47-411E-BF23-C9710A709037}.Debug|Any CPU.Build.0 = Debug|Any CPU
		{F7AA1ECD-0E47-411E-BF23-C9710A709037}.Release|Any CPU.ActiveCfg = Release|Any CPU
		{F7AA1ECD-0E47-411E-BF23-C9710A709037}.Release|Any CPU.Build.0 = Release|Any CPU
	EndGlobalSection
	GlobalSection(SolutionProperties) = preSolution
		HideSolutionNode = FALSE
	EndGlobalSection
	GlobalSection(ExtensibilityGlobals) = postSolution
		SolutionGuid = {2D27355E-85CE-496D-B787-ACAC1D030B5F}
	EndGlobalSection
EndGlobal
